
Microsoft Visual Studio Solution File, Format Version 12.00
# Visual Studio Version 17
VisualStudioVersion = 17.3.32901.215
MinimumVisualStudioVersion = 10.0.40219.1
Project("{FAE04EC0-301F-11D3-BF4B-00C04F79EFBC}") = "Fiquur Sahesi", "Fiquur Sahesi\Fiquur Sahesi.csproj", "{46732DCC-9930-4A26-B9D8-2F76ED50FDA3}"
EndProject
Global
	GlobalSection(SolutionConfigurationPlatforms) = preSolution
		Debug|Any CPU = Debug|Any CPU
		Release|Any CPU = Release|Any CPU
	EndGlobalSection
	GlobalSection(ProjectConfigurationPlatforms) = postSolution
		{46732DCC-9930-4A26-B9D8-2F76ED50FDA3}.Debug|Any CPU.ActiveCfg = Debug|Any CPU
		{46732DCC-9930-4A26-B9D8-2F76ED50FDA3}.Debug|Any CPU.Build.0 = Debug|Any CPU
		{46732DCC-9930-4A26-B9D8-2F76ED50FDA3}.Release|Any CPU.ActiveCfg = Release|Any CPU
		{46732DCC-9930-4A26-B9D8-2F76ED50FDA3}.Release|Any CPU.Build.0 = Release|Any CPU
	EndGlobalSection
	GlobalSection(SolutionProperties) = preSolution
		HideSolutionNode = FALSE
	EndGlobalSection
	GlobalSection(ExtensibilityGlobals) = postSolution
		SolutionGuid = {258F4339-A98D-480A-9CC3-CA96C43C4E26}
	EndGlobalSection
EndGlobal
